
Microsoft Visual Studio Solution File, Format Version 12.00
# Visual Studio Version 16
VisualStudioVersion = 16.0.31129.286
MinimumVisualStudioVersion = 10.0.40219.1
Project("{FAE04EC0-301F-11D3-BF4B-00C04F79EFBC}") = "multiplyProject", "multiplyProject\multiplyProject.csproj", "{1102A41E-B3C7-403A-B019-9E95ACD4ED8B}"
EndProject
Global
	GlobalSection(SolutionConfigurationPlatforms) = preSolution
		Debug|Any CPU = Debug|Any CPU
		Release|Any CPU = Release|Any CPU
	EndGlobalSection
	GlobalSection(ProjectConfigurationPlatforms) = postSolution
		{1102A41E-B3C7-403A-B019-9E95ACD4ED8B}.Debug|Any CPU.ActiveCfg = Debug|Any CPU
		{1102A41E-B3C7-403A-B019-9E95ACD4ED8B}.Debug|Any CPU.Build.0 = Debug|Any CPU
		{1102A41E-B3C7-403A-B019-9E95ACD4ED8B}.Release|Any CPU.ActiveCfg = Release|Any CPU
		{1102A41E-B3C7-403A-B019-9E95ACD4ED8B}.Release|Any CPU.Build.0 = Release|Any CPU
	EndGlobalSection
	GlobalSection(SolutionProperties) = preSolution
		HideSolutionNode = FALSE
	EndGlobalSection
	GlobalSection(ExtensibilityGlobals) = postSolution
		SolutionGuid = {B53B1CD3-A920-4F2D-9C76-6F12E19824F0}
	EndGlobalSection
EndGlobal
